
Microsoft Visual Studio Solution File, Format Version 12.00
# Visual Studio Version 16
VisualStudioVersion = 16.0.30114.105
MinimumVisualStudioVersion = 10.0.40219.1
Project("{2150E333-8FDC-42A3-9474-1A3956D46DE8}") = "src", "src", "{EF5C9572-49B6-4031-B10B-C47340ECDA59}"
EndProject
Project("{FAE04EC0-301F-11D3-BF4B-00C04F79EFBC}") = "Domain", "src\Domain\Domain.csproj", "{B2E4BC5C-A224-4B9A-A610-C59098959F96}"
EndProject
Project("{FAE04EC0-301F-11D3-BF4B-00C04F79EFBC}") = "Infrastructure", "src\Infrastructure\Infrastructure.csproj", "{1FD28528-27DC-4F1B-B454-1E63E885783B}"
EndProject
Project("{FAE04EC0-301F-11D3-BF4B-00C04F79EFBC}") = "Share", "src\Share\Share.csproj", "{C1144788-9F78-40A4-999F-956F900D6B3C}"
EndProject
Project("{FAE04EC0-301F-11D3-BF4B-00C04F79EFBC}") = "Application", "src\Application\Application.csproj", "{650BCC68-D861-4DBF-BCBC-CCBE23FC8348}"
EndProject
Project("{FAE04EC0-301F-11D3-BF4B-00C04F79EFBC}") = "Api", "src\Api\Api.csproj", "{3D8C8391-8533-4B24-8C37-B08CC67AC2A1}"
EndProject
Project("{FAE04EC0-301F-11D3-BF4B-00C04F79EFBC}") = "WebApp", "src\WebApp\WebApp.csproj", "{19FBB9D1-7F3F-482D-B4E3-3D6C64C8900E}"
EndProject
Project("{FAE04EC0-301F-11D3-BF4B-00C04F79EFBC}") = "Infrastructure.Share", "src\Infrastructure.Share\Infrastructure.Share.csproj", "{C9E0C0A6-8BE2-4B49-9183-FC3DDF0A0DDE}"
EndProject
Global
	GlobalSection(SolutionConfigurationPlatforms) = preSolution
		Debug|Any CPU = Debug|Any CPU
		Debug|x64 = Debug|x64
		Debug|x86 = Debug|x86
		Release|Any CPU = Release|Any CPU
		Release|x64 = Release|x64
		Release|x86 = Release|x86
	EndGlobalSection
	GlobalSection(SolutionProperties) = preSolution
		HideSolutionNode = FALSE
	EndGlobalSection
	GlobalSection(ProjectConfigurationPlatforms) = postSolution
		{B2E4BC5C-A224-4B9A-A610-C59098959F96}.Debug|Any CPU.ActiveCfg = Debug|Any CPU
		{B2E4BC5C-A224-4B9A-A610-C59098959F96}.Debug|Any CPU.Build.0 = Debug|Any CPU
		{B2E4BC5C-A224-4B9A-A610-C59098959F96}.Debug|x64.ActiveCfg = Debug|Any CPU
		{B2E4BC5C-A224-4B9A-A610-C59098959F96}.Debug|x64.Build.0 = Debug|Any CPU
		{B2E4BC5C-A224-4B9A-A610-C59098959F96}.Debug|x86.ActiveCfg = Debug|Any CPU
		{B2E4BC5C-A224-4B9A-A610-C59098959F96}.Debug|x86.Build.0 = Debug|Any CPU
		{B2E4BC5C-A224-4B9A-A610-C59098959F96}.Release|Any CPU.ActiveCfg = Release|Any CPU
		{B2E4BC5C-A224-4B9A-A610-C59098959F96}.Release|Any CPU.Build.0 = Release|Any CPU
		{B2E4BC5C-A224-4B9A-A610-C59098959F96}.Release|x64.ActiveCfg = Release|Any CPU
		{B2E4BC5C-A224-4B9A-A610-C59098959F96}.Release|x64.Build.0 = Release|Any CPU
		{B2E4BC5C-A224-4B9A-A610-C59098959F96}.Release|x86.ActiveCfg = Release|Any CPU
		{B2E4BC5C-A224-4B9A-A610-C59098959F96}.Release|x86.Build.0 = Release|Any CPU
		{1FD28528-27DC-4F1B-B454-1E63E885783B}.Debug|Any CPU.ActiveCfg = Debug|Any CPU
		{1FD28528-27DC-4F1B-B454-1E63E885783B}.Debug|Any CPU.Build.0 = Debug|Any CPU
		{1FD28528-27DC-4F1B-B454-1E63E885783B}.Debug|x64.ActiveCfg = Debug|Any CPU
		{1FD28528-27DC-4F1B-B454-1E63E885783B}.Debug|x64.Build.0 = Debug|Any CPU
		{1FD28528-27DC-4F1B-B454-1E63E885783B}.Debug|x86.ActiveCfg = Debug|Any CPU
		{1FD28528-27DC-4F1B-B454-1E63E885783B}.Debug|x86.Build.0 = Debug|Any CPU
		{1FD28528-27DC-4F1B-B454-1E63E885783B}.Release|Any CPU.ActiveCfg = Release|Any CPU
		{1FD28528-27DC-4F1B-B454-1E63E885783B}.Release|Any CPU.Build.0 = Release|Any CPU
		{1FD28528-27DC-4F1B-B454-1E63E885783B}.Release|x64.ActiveCfg = Release|Any CPU
		{1FD28528-27DC-4F1B-B454-1E63E885783B}.Release|x64.Build.0 = Release|Any CPU
		{1FD28528-27DC-4F1B-B454-1E63E885783B}.Release|x86.ActiveCfg = Release|Any CPU
		{1FD28528-27DC-4F1B-B454-1E63E885783B}.Release|x86.Build.0 = Release|Any CPU
		{C1144788-9F78-40A4-999F-956F900D6B3C}.Debug|Any CPU.ActiveCfg = Debug|Any CPU
		{C1144788-9F78-40A4-999F-956F900D6B3C}.Debug|Any CPU.Build.0 = Debug|Any CPU
		{C1144788-9F78-40A4-999F-956F900D6B3C}.Debug|x64.ActiveCfg = Debug|Any CPU
		{C1144788-9F78-40A4-999F-956F900D6B3C}.Debug|x64.Build.0 = Debug|Any CPU
		{C1144788-9F78-40A4-999F-956F900D6B3C}.Debug|x86.ActiveCfg = Debug|Any CPU
		{C1144788-9F78-40A4-999F-956F900D6B3C}.Debug|x86.Build.0 = Debug|Any CPU
		{C1144788-9F78-40A4-999F-956F900D6B3C}.Release|Any CPU.ActiveCfg = Release|Any CPU
		{C1144788-9F78-40A4-999F-956F900D6B3C}.Release|Any CPU.Build.0 = Release|Any CPU
		{C1144788-9F78-40A4-999F-956F900D6B3C}.Release|x64.ActiveCfg = Release|Any CPU
		{C1144788-9F78-40A4-999F-956F900D6B3C}.Release|x64.Build.0 = Release|Any CPU
		{C1144788-9F78-40A4-999F-956F900D6B3C}.Release|x86.ActiveCfg = Release|Any CPU
		{C1144788-9F78-40A4-999F-956F900D6B3C}.Release|x86.Build.0 = Release|Any CPU
		{650BCC68-D861-4DBF-BCBC-CCBE23FC8348}.Debug|Any CPU.ActiveCfg = Debug|Any CPU
		{650BCC68-D861-4DBF-BCBC-CCBE23FC8348}.Debug|Any CPU.Build.0 = Debug|Any CPU
		{650BCC68-D861-4DBF-BCBC-CCBE23FC8348}.Debug|x64.ActiveCfg = Debug|Any CPU
		{650BCC68-D861-4DBF-BCBC-CCBE23FC8348}.Debug|x64.Build.0 = Debug|Any CPU
		{650BCC68-D861-4DBF-BCBC-CCBE23FC8348}.Debug|x86.ActiveCfg = Debug|Any CPU
		{650BCC68-D861-4DBF-BCBC-CCBE23FC8348}.Debug|x86.Build.0 = Debug|Any CPU
		{650BCC68-D861-4DBF-BCBC-CCBE23FC8348}.Release|Any CPU.ActiveCfg = Release|Any CPU
		{650BCC68-D861-4DBF-BCBC-CCBE23FC8348}.Release|Any CPU.Build.0 = Release|Any CPU
		{650BCC68-D861-4DBF-BCBC-CCBE23FC8348}.Release|x64.ActiveCfg = Release|Any CPU
		{650BCC68-D861-4DBF-BCBC-CCBE23FC8348}.Release|x64.Build.0 = Release|Any CPU
		{650BCC68-D861-4DBF-BCBC-CCBE23FC8348}.Release|x86.ActiveCfg = Release|Any CPU
		{650BCC68-D861-4DBF-BCBC-CCBE23FC8348}.Release|x86.Build.0 = Release|Any CPU
		{3D8C8391-8533-4B24-8C37-B08CC67AC2A1}.Debug|Any CPU.ActiveCfg = Debug|Any CPU
		{3D8C8391-8533-4B24-8C37-B08CC67AC2A1}.Debug|Any CPU.Build.0 = Debug|Any CPU
		{3D8C8391-8533-4B24-8C37-B08CC67AC2A1}.Debug|x64.ActiveCfg = Debug|Any CPU
		{3D8C8391-8533-4B24-8C37-B08CC67AC2A1}.Debug|x64.Build.0 = Debug|Any CPU
		{3D8C8391-8533-4B24-8C37-B08CC67AC2A1}.Debug|x86.ActiveCfg = Debug|Any CPU
		{3D8C8391-8533-4B24-8C37-B08CC67AC2A1}.Debug|x86.Build.0 = Debug|Any CPU
		{3D8C8391-8533-4B24-8C37-B08CC67AC2A1}.Release|Any CPU.ActiveCfg = Release|Any CPU
		{3D8C8391-8533-4B24-8C37-B08CC67AC2A1}.Release|Any CPU.Build.0 = Release|Any CPU
		{3D8C8391-8533-4B24-8C37-B08CC67AC2A1}.Release|x64.ActiveCfg = Release|Any CPU
		{3D8C8391-8533-4B24-8C37-B08CC67AC2A1}.Release|x64.Build.0 = Release|Any CPU
		{3D8C8391-8533-4B24-8C37-B08CC67AC2A1}.Release|x86.ActiveCfg = Release|Any CPU
		{3D8C8391-8533-4B24-8C37-B08CC67AC2A1}.Release|x86.Build.0 = Release|Any CPU
		{19FBB9D1-7F3F-482D-B4E3-3D6C64C8900E}.Debug|Any CPU.ActiveCfg = Debug|Any CPU
		{19FBB9D1-7F3F-482D-B4E3-3D6C64C8900E}.Debug|Any CPU.Build.0 = Debug|Any CPU
		{19FBB9D1-7F3F-482D-B4E3-3D6C64C8900E}.Debug|x64.ActiveCfg = Debug|Any CPU
		{19FBB9D1-7F3F-482D-B4E3-3D6C64C8900E}.Debug|x64.Build.0 = Debug|Any CPU
		{19FBB9D1-7F3F-482D-B4E3-3D6C64C8900E}.Debug|x86.ActiveCfg = Debug|Any CPU
		{19FBB9D1-7F3F-482D-B4E3-3D6C64C8900E}.Debug|x86.Build.0 = Debug|Any CPU
		{19FBB9D1-7F3F-482D-B4E3-3D6C64C8900E}.Release|Any CPU.ActiveCfg = Release|Any CPU
		{19FBB9D1-7F3F-482D-B4E3-3D6C64C8900E}.Release|Any CPU.Build.0 = Release|Any CPU
		{19FBB9D1-7F3F-482D-B4E3-3D6C64C8900E}.Release|x64.ActiveCfg = Release|Any CPU
		{19FBB9D1-7F3F-482D-B4E3-3D6C64C8900E}.Release|x64.Build.0 = Release|Any CPU
		{19FBB9D1-7F3F-482D-B4E3-3D6C64C8900E}.Release|x86.ActiveCfg = Release|Any CPU
		{19FBB9D1-7F3F-482D-B4E3-3D6C64C8900E}.Release|x86.Build.0 = Release|Any CPU
		{C9E0C0A6-8BE2-4B49-9183-FC3DDF0A0DDE}.Debug|Any CPU.ActiveCfg = Debug|Any CPU
		{C9E0C0A6-8BE2-4B49-9183-FC3DDF0A0DDE}.Debug|Any CPU.Build.0 = Debug|Any CPU
		{C9E0C0A6-8BE2-4B49-9183-FC3DDF0A0DDE}.Debug|x64.ActiveCfg = Debug|Any CPU
		{C9E0C0A6-8BE2-4B49-9183-FC3DDF0A0DDE}.Debug|x64.Build.0 = Debug|Any CPU
		{C9E0C0A6-8BE2-4B49-9183-FC3DDF0A0DDE}.Debug|x86.ActiveCfg = Debug|Any CPU
		{C9E0C0A6-8BE2-4B49-9183-FC3DDF0A0DDE}.Debug|x86.Build.0 = Debug|Any CPU
		{C9E0C0A6-8BE2-4B49-9183-FC3DDF0A0DDE}.Release|Any CPU.ActiveCfg = Release|Any CPU
		{C9E0C0A6-8BE2-4B49-9183-FC3DDF0A0DDE}.Release|Any CPU.Build.0 = Release|Any CPU
		{C9E0C0A6-8BE2-4B49-9183-FC3DDF0A0DDE}.Release|x64.ActiveCfg = Release|Any CPU
		{C9E0C0A6-8BE2-4B49-9183-FC3DDF0A0DDE}.Release|x64.Build.0 = Release|Any CPU
		{C9E0C0A6-8BE2-4B49-9183-FC3DDF0A0DDE}.Release|x86.ActiveCfg = Release|Any CPU
		{C9E0C0A6-8BE2-4B49-9183-FC3DDF0A0DDE}.Release|x86.Build.0 = Release|Any CPU
	EndGlobalSection
	GlobalSection(NestedProjects) = preSolution
		{B2E4BC5C-A224-4B9A-A610-C59098959F96} = {EF5C9572-49B6-4031-B10B-C47340ECDA59}
		{1FD28528-27DC-4F1B-B454-1E63E885783B} = {EF5C9572-49B6-4031-B10B-C47340ECDA59}
		{C1144788-9F78-40A4-999F-956F900D6B3C} = {EF5C9572-49B6-4031-B10B-C47340ECDA59}
		{650BCC68-D861-4DBF-BCBC-CCBE23FC8348} = {EF5C9572-49B6-4031-B10B-C47340ECDA59}
		{3D8C8391-8533-4B24-8C37-B08CC67AC2A1} = {EF5C9572-49B6-4031-B10B-C47340ECDA59}
		{19FBB9D1-7F3F-482D-B4E3-3D6C64C8900E} = {EF5C9572-49B6-4031-B10B-C47340ECDA59}
		{C9E0C0A6-8BE2-4B49-9183-FC3DDF0A0DDE} = {EF5C9572-49B6-4031-B10B-C47340ECDA59}
	EndGlobalSection
EndGlobal
